# This file is autogenerated, do not edit; changes may be undone by the next 'dep ensure'.


[[projects]]
  digest = "1:a2c1d0e43bd3baaa071d1b9ed72c27d78169b2b269f71c105ac4ba34b1be4a39"
  name = "github.com/davecgh/go-spew"
  packages = ["spew"]
  pruneopts = "UT"
  revision = "346938d642f2ec3594ed81d874461961cd0faa76"
  version = "v1.1.0"

[[projects]]
  digest = "1:209f20ecaa8b70af3ebd9f95491800ef73238e9b69bd900e072c80345f11544d"
  name = "github.com/golang/protobuf"
  packages = [
    "jsonpb",
    "proto",
    "ptypes",
    "ptypes/any",
    "ptypes/duration",
    "ptypes/struct",
    "ptypes/timestamp",
  ]
  pruneopts = "UT"
  revision = "ae97035608a719c7a1c1c41bed0ae0744bdb0c6f"
  version = "v1.5.2"

[[projects]]
  digest = "1:0028cb19b2e4c3112225cd871870f2d9cf49b9b4276531f03438a88e94be86fe"
  name = "github.com/pmezard/go-difflib"
  packages = ["difflib"]
  pruneopts = "UT"
  revision = "792786c7400a136282c1664665ae0a8db921c6c2"
  version = "v1.0.0"

[[projects]]
  digest = "1:2fe253ad4e1c2d640fffae6e56fbc7e8b5476d15d9361d0fdb2ed12b7183c8da"
  name = "github.com/rs/zerolog"
  packages = [
    ".",
    "internal/cbor",
    "internal/json",
    "log",
  ]
  pruneopts = "UT"
  revision = "117cb53bc66413d9a810ebed32383e53416347e3"
  version = "v1.23.0"

[[projects]]
  digest = "1:ac83cf90d08b63ad5f7e020ef480d319ae890c208f8524622a2f3136e2686b02"
  name = "github.com/stretchr/objx"
  packages = ["."]
  pruneopts = "UT"
  revision = "477a77ecc69700c7cdeb1fa9e129548e1c1c393c"
  version = "v0.1.1"

[[projects]]
  digest = "1:db60cce9486c83f29baccb4838071eaf91cced542cbbb84cc5e95f1226fb81be"
  name = "github.com/stretchr/testify"
  packages = [
    "assert",
    "mock",
    "require",
    "suite",
  ]
  pruneopts = "UT"
  revision = "acba37e5db06f0093b465a7d47822bf13644b66c"
  version = "v1.7.0"

[[projects]]
  branch = "master"
  digest = "1:dc1b5a4f3a84b5c8503036630dd0f245de44d9c22414ddff0e5e473849139fd3"
  name = "golang.org/x/net"
  packages = [
    "context",
    "http/httpguts",
    "http2",
    "http2/hpack",
    "idna",
    "internal/timeseries",
    "trace",
  ]
  pruneopts = "UT"
  revision = "ed29d75add3d7c4bf7ca65aac0c6df3d1420216f"

[[projects]]
  digest = "1:a2ab62866c75542dd18d2b069fec854577a20211d7c0ea6ae746072a1dccdd18"
  name = "golang.org/x/text"
  packages = [
    "collate",
    "collate/build",
    "internal/colltab",
    "internal/gen",
    "internal/tag",
    "internal/triegen",
    "internal/ucd",
    "language",
    "secure/bidirule",
    "transform",
    "unicode/bidi",
    "unicode/cldr",
    "unicode/norm",
    "unicode/rangetable",
  ]
  pruneopts = "UT"
  revision = "f21a4dfb5e38f5895301dc265a8def02365cc3d0"
  version = "v0.3.0"

[[projects]]
  branch = "master"
  digest = "1:601e63e7d4577f907118bec825902505291918859d223bce015539e79f1160e3"
  name = "google.golang.org/genproto"
  packages = ["googleapis/rpc/status"]
  pruneopts = "UT"
  revision = "ff3583edef7de132f219f0efc00e097cabcc0ec0"

[[projects]]
  digest = "1:2dab32a43451e320e49608ff4542fdfc653c95dcc35d0065ec9c6c3dd540ed74"
  name = "google.golang.org/grpc"
  packages = [
    ".",
    "balancer",
    "balancer/base",
    "balancer/roundrobin",
    "codes",
    "connectivity",
    "credentials",
    "encoding",
    "encoding/proto",
    "grpclog",
    "internal",
    "internal/backoff",
    "internal/channelz",
    "internal/grpcrand",
    "keepalive",
    "metadata",
    "naming",
    "peer",
    "resolver",
    "resolver/dns",
    "resolver/passthrough",
    "stats",
    "status",
    "tap",
    "transport",
  ]
  pruneopts = "UT"
  revision = "168a6198bcb0ef175f7dacec0b8691fc141dc9b8"
  version = "v1.13.0"

[[projects]]
  digest = "1:552665722288c8b8e41b585248de6806ba04b06d3f838248a6d459aa1fdecbf5"
  name = "google.golang.org/protobuf"
  packages = [
    "encoding/protojson",
    "encoding/prototext",
    "encoding/protowire",
    "internal/descfmt",
    "internal/descopts",
    "internal/detrand",
    "internal/encoding/defval",
    "internal/encoding/json",
    "internal/encoding/messageset",
    "internal/encoding/tag",
    "internal/encoding/text",
    "internal/errors",
    "internal/fieldsort",
    "internal/filedesc",
    "internal/filetype",
    "internal/flags",
    "internal/genid",
    "internal/impl",
    "internal/mapsort",
    "internal/pragma",
    "internal/set",
    "internal/strs",
    "internal/version",
    "proto",
    "reflect/protodesc",
    "reflect/protoreflect",
    "reflect/protoregistry",
    "runtime/protoiface",
    "runtime/protoimpl",
    "types/descriptorpb",
    "types/known/anypb",
    "types/known/durationpb",
    "types/known/structpb",
    "types/known/timestamppb",
  ]
  pruneopts = "UT"
  revision = "3f7a61f89bb6813f89d981d1870ed68da0b3c3f1"
  version = "v1.25.0"

[[projects]]
  branch = "v3"
  digest = "1:229cb0f6192914f518cc1241ede6d6f1f458b31debfa18bf3a5c9e4f7b01e24b"
  name = "gopkg.in/yaml.v3"
  packages = ["."]
  pruneopts = "UT"
  revision = "eeeca48fe7764f320e4870d231902bf9c1be2c08"

[solve-meta]
  analyzer-name = "dep"
  analyzer-version = 1
  input-imports = [
    "github.com/davecgh/go-spew/spew",
    "github.com/golang/protobuf/jsonpb",
    "github.com/golang/protobuf/proto",
    "github.com/golang/protobuf/ptypes",
    "github.com/golang/protobuf/ptypes/any",
    "github.com/golang/protobuf/ptypes/duration",
    "github.com/golang/protobuf/ptypes/struct",
    "github.com/golang/protobuf/ptypes/timestamp",
    "github.com/pmezard/go-difflib/difflib",
    "github.com/rs/zerolog",
    "github.com/rs/zerolog/log",
    "github.com/stretchr/objx",
    "github.com/stretchr/testify/assert",
    "github.com/stretchr/testify/mock",
    "github.com/stretchr/testify/require",
    "github.com/stretchr/testify/suite",
    "golang.org/x/net/context",
    "golang.org/x/net/http/httpguts",
    "golang.org/x/net/http2",
    "golang.org/x/net/http2/hpack",
    "golang.org/x/net/idna",
    "golang.org/x/net/trace",
    "golang.org/x/text/collate",
    "golang.org/x/text/collate/build",
    "golang.org/x/text/language",
    "golang.org/x/text/secure/bidirule",
    "golang.org/x/text/transform",
    "golang.org/x/text/unicode/bidi",
    "golang.org/x/text/unicode/cldr",
    "golang.org/x/text/unicode/norm",
    "golang.org/x/text/unicode/rangetable",
    "google.golang.org/genproto/googleapis/rpc/status",
    "google.golang.org/grpc",
    "google.golang.org/grpc/balancer",
    "google.golang.org/grpc/balancer/base",
    "google.golang.org/grpc/balancer/roundrobin",
    "google.golang.org/grpc/codes",
    "google.golang.org/grpc/connectivity",
    "google.golang.org/grpc/credentials",
    "google.golang.org/grpc/encoding",
    "google.golang.org/grpc/encoding/proto",
    "google.golang.org/grpc/grpclog",
    "google.golang.org/grpc/keepalive",
    "google.golang.org/grpc/metadata",
    "google.golang.org/grpc/naming",
    "google.golang.org/grpc/peer",
    "google.golang.org/grpc/resolver",
    "google.golang.org/grpc/resolver/dns",
    "google.golang.org/grpc/resolver/passthrough",
    "google.golang.org/grpc/stats",
    "google.golang.org/grpc/status",
    "google.golang.org/grpc/tap",
    "google.golang.org/grpc/transport",
  ]
  solver-name = "gps-cdcl"
  solver-version = 1
